
Microsoft Visual Studio Solution File, Format Version 12.00
# Visual Studio Version 17
VisualStudioVersion = 17.13.35806.99 d17.13
MinimumVisualStudioVersion = 10.0.40219.1
Project("{FAE04EC0-301F-11D3-BF4B-00C04F79EFBC}") = "WebPiaget", "WebPiaget\WebPiaget.csproj", "{C902F93E-5932-48B3-BC66-FE2318496EAB}"
EndProject
Global
	GlobalSection(SolutionConfigurationPlatforms) = preSolution
		Debug|Any CPU = Debug|Any CPU
		Release|Any CPU = Release|Any CPU
	EndGlobalSection
	GlobalSection(ProjectConfigurationPlatforms) = postSolution
		{C902F93E-5932-48B3-BC66-FE2318496EAB}.Debug|Any CPU.ActiveCfg = Debug|Any CPU
		{C902F93E-5932-48B3-BC66-FE2318496EAB}.Debug|Any CPU.Build.0 = Debug|Any CPU
		{C902F93E-5932-48B3-BC66-FE2318496EAB}.Release|Any CPU.ActiveCfg = Release|Any CPU
		{C902F93E-5932-48B3-BC66-FE2318496EAB}.Release|Any CPU.Build.0 = Release|Any CPU
	EndGlobalSection
	GlobalSection(SolutionProperties) = preSolution
		HideSolutionNode = FALSE
	EndGlobalSection
	GlobalSection(ExtensibilityGlobals) = postSolution
		SolutionGuid = {50C73EC0-940E-4EC7-B949-83DB57A7E32F}
	EndGlobalSection
EndGlobal
